{
    "_meta": {
        "hash": {
            "sha256": "37cbc85501b47e3705114966b62e993df3a50e8b9d2b59cbbb81e29eeddb85ea"
        },
        "pipfile-spec": 6,
        "requires": {
            "python_version": "3.10"
        },
        "sources": [
            {
                "name": "pypi",
                "url": "https://pypi.org/simple",
                "verify_ssl": true
            }
        ]
    },
    "default": {
        "nucypher-core": {
            "hashes": [
                "sha256:02bb4ad202487d39b3d851b1198e73ac004972ece9953daacbfab51e897009dd",
                "sha256:0eb91fd30a00a9c8bbdb5d71ef7426276ffb6a19321e903b51281922e9588ae9",
                "sha256:2257c5ce1eb71757bf00b94717fdafe5bbbf32b0e298354c144d8533868962c4",
                "sha256:458e3c7648721be09925bb215088b8ae28b95d46893c0a3680f656e128b33886",
                "sha256:4c4cab5bb94d230dcdb5cfc79b91aba1b6e49c5c8667c3cfbfc22a9f1ab18c31",
                "sha256:4f3b98448ccf21e3ff9c4b0a83d9c7a55948d7e81cb605afcaa6bd21ab55d562",
                "sha256:538f95d5269eabd45fb6d96b7b184e65120be6750833d50ca9a469596a387574",
                "sha256:645cba52ccaecc24566949977623a6fefed8d4212e71fe99f75004411bb84e1a",
                "sha256:6b3f31b59f87d87a079ff3c995aa4a03426eed4d1e6e6de738b40ccc6bfdd8c6",
                "sha256:71c57658839b60ddd9835dde2676b09f4c6c353cae1136ebd00fac8996dd8eb7",
                "sha256:9d9d5db59248acc58173256a8c729401dcf2ce94390b506afb8c4d0c21643755",
                "sha256:a73635dd57889fe2e74b75a06681a809ec09fb58df5a1052f5e3bca16bb7c083",
                "sha256:cd9ec88fa1efaa7557b410c5d623e3cfdf40d513e9b7548469592e18d44980b0",
                "sha256:ce794a79b77c8a5dc2ad513a97b76bd2945ffeb5422ea939f2831073fe022658",
                "sha256:f870eb2f8660957d5a290a81d4852f60ebb1aea01c8f515734cc8d26123ac797",
                "sha256:fcd3f20314695c663f2285b9d7714faaca0bf1963ea6b65b4d7fd48fb39b8aeb"
            ],
            "index": "pypi",
            "version": "==0.10.0"
        }
    },
    "develop": {}
}
